
Microsoft Visual Studio Solution File, Format Version 11.00
# Visual Studio 2010
Project("{FAE04EC0-301F-11D3-BF4B-00C04F79EFBC}") = "ProjektDotNet", "ProjektDotNet\ProjektDotNet.csproj", "{4A1CE5F9-5CB0-4BEF-A1F0-DB7BA0F3836A}"
EndProject
Global
	GlobalSection(SolutionConfigurationPlatforms) = preSolution
		Debug|Any CPU = Debug|Any CPU
		Release|Any CPU = Release|Any CPU
	EndGlobalSection
	GlobalSection(ProjectConfigurationPlatforms) = postSolution
		{4A1CE5F9-5CB0-4BEF-A1F0-DB7BA0F3836A}.Debug|Any CPU.ActiveCfg = Debug|Any CPU
		{4A1CE5F9-5CB0-4BEF-A1F0-DB7BA0F3836A}.Debug|Any CPU.Build.0 = Debug|Any CPU
		{4A1CE5F9-5CB0-4BEF-A1F0-DB7BA0F3836A}.Release|Any CPU.ActiveCfg = Release|Any CPU
		{4A1CE5F9-5CB0-4BEF-A1F0-DB7BA0F3836A}.Release|Any CPU.Build.0 = Release|Any CPU
	EndGlobalSection
	GlobalSection(SolutionProperties) = preSolution
		HideSolutionNode = FALSE
	EndGlobalSection
EndGlobal
